
Microsoft Visual Studio Solution File, Format Version 12.00
# Visual Studio 2013
VisualStudioVersion = 12.0.30723.0
MinimumVisualStudioVersion = 10.0.40219.1
Project("{FAE04EC0-301F-11D3-BF4B-00C04F79EFBC}") = "RealEstate", "RealEstate\RealEstate.csproj", "{1A712EF6-2E0E-4415-802D-FCE4C600FFF4}"
EndProject
Project("{FAE04EC0-301F-11D3-BF4B-00C04F79EFBC}") = "RealEstate.Tests", "RealEstate.Tests\RealEstate.Tests.csproj", "{F6D14122-3B1B-4EAE-9EC2-DADFFA30EA77}"
EndProject
Global
	GlobalSection(SolutionConfigurationPlatforms) = preSolution
		Debug|Any CPU = Debug|Any CPU
		Release|Any CPU = Release|Any CPU
	EndGlobalSection
	GlobalSection(ProjectConfigurationPlatforms) = postSolution
		{1A712EF6-2E0E-4415-802D-FCE4C600FFF4}.Debug|Any CPU.ActiveCfg = Debug|Any CPU
		{1A712EF6-2E0E-4415-802D-FCE4C600FFF4}.Debug|Any CPU.Build.0 = Debug|Any CPU
		{1A712EF6-2E0E-4415-802D-FCE4C600FFF4}.Release|Any CPU.ActiveCfg = Release|Any CPU
		{1A712EF6-2E0E-4415-802D-FCE4C600FFF4}.Release|Any CPU.Build.0 = Release|Any CPU
		{F6D14122-3B1B-4EAE-9EC2-DADFFA30EA77}.Debug|Any CPU.ActiveCfg = Debug|Any CPU
		{F6D14122-3B1B-4EAE-9EC2-DADFFA30EA77}.Debug|Any CPU.Build.0 = Debug|Any CPU
		{F6D14122-3B1B-4EAE-9EC2-DADFFA30EA77}.Release|Any CPU.ActiveCfg = Release|Any CPU
		{F6D14122-3B1B-4EAE-9EC2-DADFFA30EA77}.Release|Any CPU.Build.0 = Release|Any CPU
	EndGlobalSection
	GlobalSection(SolutionProperties) = preSolution
		HideSolutionNode = FALSE
	EndGlobalSection
EndGlobal
